
Microsoft Visual Studio Solution File, Format Version 12.00
# Visual Studio Express 2012 for Web
Project("{FAE04EC0-301F-11D3-BF4B-00C04F79EFBC}") = "NancyInWebApp", "NancyInWebApp\NancyInWebApp.csproj", "{184AED45-A120-4B32-8A6B-360AF9D389BC}"
EndProject
Global
	GlobalSection(SolutionConfigurationPlatforms) = preSolution
		Debug|Any CPU = Debug|Any CPU
		Release|Any CPU = Release|Any CPU
	EndGlobalSection
	GlobalSection(ProjectConfigurationPlatforms) = postSolution
		{184AED45-A120-4B32-8A6B-360AF9D389BC}.Debug|Any CPU.ActiveCfg = Debug|Any CPU
		{184AED45-A120-4B32-8A6B-360AF9D389BC}.Debug|Any CPU.Build.0 = Debug|Any CPU
		{184AED45-A120-4B32-8A6B-360AF9D389BC}.Release|Any CPU.ActiveCfg = Release|Any CPU
		{184AED45-A120-4B32-8A6B-360AF9D389BC}.Release|Any CPU.Build.0 = Release|Any CPU
	EndGlobalSection
	GlobalSection(SolutionProperties) = preSolution
		HideSolutionNode = FALSE
	EndGlobalSection
EndGlobal
